
Microsoft Visual Studio Solution File, Format Version 12.00
# Visual Studio Version 17
VisualStudioVersion = 17.14.36511.14 d17.14
MinimumVisualStudioVersion = 10.0.40219.1
Project("{8BC9CEB8-8B4A-11D0-8D11-00A0C91BC942}") = "AA_LabWork#1", "AA_LabWork#1.vcxproj", "{D80EC16E-4C4F-4EE8-9989-1DC71C141236}"
EndProject
Global
	GlobalSection(SolutionConfigurationPlatforms) = preSolution
		Debug|x64 = Debug|x64
		Debug|x86 = Debug|x86
		Release|x64 = Release|x64
		Release|x86 = Release|x86
	EndGlobalSection
	GlobalSection(ProjectConfigurationPlatforms) = postSolution
		{D80EC16E-4C4F-4EE8-9989-1DC71C141236}.Debug|x64.ActiveCfg = Debug|x64
		{D80EC16E-4C4F-4EE8-9989-1DC71C141236}.Debug|x64.Build.0 = Debug|x64
		{D80EC16E-4C4F-4EE8-9989-1DC71C141236}.Debug|x86.ActiveCfg = Debug|Win32
		{D80EC16E-4C4F-4EE8-9989-1DC71C141236}.Debug|x86.Build.0 = Debug|Win32
		{D80EC16E-4C4F-4EE8-9989-1DC71C141236}.Release|x64.ActiveCfg = Release|x64
		{D80EC16E-4C4F-4EE8-9989-1DC71C141236}.Release|x64.Build.0 = Release|x64
		{D80EC16E-4C4F-4EE8-9989-1DC71C141236}.Release|x86.ActiveCfg = Release|Win32
		{D80EC16E-4C4F-4EE8-9989-1DC71C141236}.Release|x86.Build.0 = Release|Win32
	EndGlobalSection
	GlobalSection(SolutionProperties) = preSolution
		HideSolutionNode = FALSE
	EndGlobalSection
	GlobalSection(ExtensibilityGlobals) = postSolution
		SolutionGuid = {B6D2A428-469D-44B5-B06B-93194B0D5C78}
	EndGlobalSection
EndGlobal
